// !$*UTF8*$!
{
	archiveVersion = 1;
	classes = {
	};
	objectVersion = 48;
	objects = {

/* Begin PBXBuildFile section */
		584345B4E4907D6E9717927F /* Pods_TestSw.framework in Frameworks */ = {isa = PBXBuildFile; fileRef = 137FE8AB461521DB029C8851 /* Pods_TestSw.framework */; };
		7B1A83631FFDCC7C00AFAB20 /* DiscoverviewController.swift in Sources */ = {isa = PBXBuildFile; fileRef = 7B1A83621FFDCC7C00AFAB20 /* DiscoverviewController.swift */; };
		7B1A83651FFDD7C500AFAB20 /* ChatToolsView.swift in Sources */ = {isa = PBXBuildFile; fileRef = 7B1A83641FFDD7C500AFAB20 /* ChatToolsView.swift */; };
		7B1A83671FFDD82100AFAB20 /* ChatToolsView.xib in Resources */ = {isa = PBXBuildFile; fileRef = 7B1A83661FFDD82100AFAB20 /* ChatToolsView.xib */; };
		7B1A836B1FFDFB5000AFAB20 /* Const.swift in Sources */ = {isa = PBXBuildFile; fileRef = 7B1A836A1FFDFB5000AFAB20 /* Const.swift */; };
		7B1A83721FFE185300AFAB20 /* EmoticonViewCell.swift in Sources */ = {isa = PBXBuildFile; fileRef = 7B1A83701FFE185300AFAB20 /* EmoticonViewCell.swift */; };
		7B1A83731FFE185300AFAB20 /* EmoticonViewCell.xib in Resources */ = {isa = PBXBuildFile; fileRef = 7B1A83711FFE185300AFAB20 /* EmoticonViewCell.xib */; };
		7B1A83761FFE196E00AFAB20 /* Emoticon.swift in Sources */ = {isa = PBXBuildFile; fileRef = 7B1A83751FFE196E00AFAB20 /* Emoticon.swift */; };
		7B1A83781FFE1C3900AFAB20 /* EmoticonViewModel.swift in Sources */ = {isa = PBXBuildFile; fileRef = 7B1A83771FFE1C3900AFAB20 /* EmoticonViewModel.swift */; };
		7B1A837A1FFE1CAD00AFAB20 /* EmoticonPackage.swift in Sources */ = {isa = PBXBuildFile; fileRef = 7B1A83791FFE1CAD00AFAB20 /* EmoticonPackage.swift */; };
		7B1A837F1FFE1EAE00AFAB20 /* QHNormalEmotionSort.plist in Resources */ = {isa = PBXBuildFile; fileRef = 7B1A837C1FFE1EAD00AFAB20 /* QHNormalEmotionSort.plist */; };
		7B1A83801FFE1EAE00AFAB20 /* QHSohuGifSort.plist in Resources */ = {isa = PBXBuildFile; fileRef = 7B1A837D1FFE1EAD00AFAB20 /* QHSohuGifSort.plist */; };
		7B1A83811FFE1EAE00AFAB20 /* types.plist in Resources */ = {isa = PBXBuildFile; fileRef = 7B1A837E1FFE1EAD00AFAB20 /* types.plist */; };
		7B1A83831FFE258F00AFAB20 /* EmotionView.swift in Sources */ = {isa = PBXBuildFile; fileRef = 7B1A83821FFE258F00AFAB20 /* EmotionView.swift */; };
		7B1C72D3200F4E0900D1D6B7 /* ProtocolBuffers.framework in Frameworks */ = {isa = PBXBuildFile; fileRef = 7B1C72D4200F4E0900D1D6B7 /* ProtocolBuffers.framework */; };
		7B335E8B1FEBCC58003BF68E /* Emitterables.swift in Sources */ = {isa = PBXBuildFile; fileRef = 7B335E8A1FEBCC58003BF68E /* Emitterables.swift */; };
		7B335E901FEBD091003BF68E /* ProfileViewController.swift in Sources */ = {isa = PBXBuildFile; fileRef = 7B335E8F1FEBD091003BF68E /* ProfileViewController.swift */; };
		7B335E921FEBD53B003BF68E /* NibLoadable.swift in Sources */ = {isa = PBXBuildFile; fileRef = 7B335E911FEBD53B003BF68E /* NibLoadable.swift */; };
		7B335E941FEBD6D9003BF68E /* TextView.swift in Sources */ = {isa = PBXBuildFile; fileRef = 7B335E931FEBD6D9003BF68E /* TextView.swift */; };
		7B335E961FEBD6E1003BF68E /* TextView.xib in Resources */ = {isa = PBXBuildFile; fileRef = 7B335E951FEBD6E1003BF68E /* TextView.xib */; };
		7B39651E1FD8CD8A0057165B /* AppDelegate.swift in Sources */ = {isa = PBXBuildFile; fileRef = 7B39651D1FD8CD8A0057165B /* AppDelegate.swift */; };
		7B3965201FD8CD8A0057165B /* ViewController.swift in Sources */ = {isa = PBXBuildFile; fileRef = 7B39651F1FD8CD8A0057165B /* ViewController.swift */; };
		7B3965231FD8CD8A0057165B /* Main.storyboard in Resources */ = {isa = PBXBuildFile; fileRef = 7B3965211FD8CD8A0057165B /* Main.storyboard */; };
		7B3965251FD8CD8A0057165B /* Assets.xcassets in Resources */ = {isa = PBXBuildFile; fileRef = 7B3965241FD8CD8A0057165B /* Assets.xcassets */; };
		7B3965281FD8CD8A0057165B /* LaunchScreen.storyboard in Resources */ = {isa = PBXBuildFile; fileRef = 7B3965261FD8CD8A0057165B /* LaunchScreen.storyboard */; };
		7B3965331FD8CD8A0057165B /* TestSwTests.swift in Sources */ = {isa = PBXBuildFile; fileRef = 7B3965321FD8CD8A0057165B /* TestSwTests.swift */; };
		7B39653E1FD8CD8A0057165B /* TestSwUITests.swift in Sources */ = {isa = PBXBuildFile; fileRef = 7B39653D1FD8CD8A0057165B /* TestSwUITests.swift */; };
		7B39655A1FD8CDBA0057165B /* MainViewController.swift in Sources */ = {isa = PBXBuildFile; fileRef = 7B3965521FD8CDBA0057165B /* MainViewController.swift */; };
		7B39655D1FD8CDBA0057165B /* RankViewController.swift in Sources */ = {isa = PBXBuildFile; fileRef = 7B3965581FD8CDBA0057165B /* RankViewController.swift */; };
		7B39655F1FD8CE370057165B /* Home.storyboard in Resources */ = {isa = PBXBuildFile; fileRef = 7B39655E1FD8CE360057165B /* Home.storyboard */; };
		7B3965611FD8CE410057165B /* Discover.storyboard in Resources */ = {isa = PBXBuildFile; fileRef = 7B3965601FD8CE410057165B /* Discover.storyboard */; };
		7B3965631FD8CE670057165B /* Profile.storyboard in Resources */ = {isa = PBXBuildFile; fileRef = 7B3965621FD8CE670057165B /* Profile.storyboard */; };
		7B3965651FD8D0020057165B /* Rank.storyboard in Resources */ = {isa = PBXBuildFile; fileRef = 7B3965641FD8D0010057165B /* Rank.storyboard */; };
		7B3965671FD8D16C0057165B /* HomeViewController.swift in Sources */ = {isa = PBXBuildFile; fileRef = 7B3965661FD8D16C0057165B /* HomeViewController.swift */; };
		7B3965691FD8E7B40057165B /* UIColor-Extension.swift in Sources */ = {isa = PBXBuildFile; fileRef = 7B3965681FD8E7B40057165B /* UIColor-Extension.swift */; };
		7B39656B1FD8F1280057165B /* HXNavigationController.swift in Sources */ = {isa = PBXBuildFile; fileRef = 7B39656A1FD8F1280057165B /* HXNavigationController.swift */; };
		7B4499EA1FEA545C00A604B6 /* HXWaterfallLayout.swift in Sources */ = {isa = PBXBuildFile; fileRef = 7B4499E91FEA545C00A604B6 /* HXWaterfallLayout.swift */; };
		7B4499EC1FEA56C900A604B6 /* HXWaterFallVC.swift in Sources */ = {isa = PBXBuildFile; fileRef = 7B4499EB1FEA56C900A604B6 /* HXWaterFallVC.swift */; };
		7B6F45381FF21EA400A19C48 /* HXPageCollectionView.swift in Sources */ = {isa = PBXBuildFile; fileRef = 7B6F45371FF21EA400A19C48 /* HXPageCollectionView.swift */; };
		7B8AD1EC1FDFA9C2006053D9 /* HXPageView.swift in Sources */ = {isa = PBXBuildFile; fileRef = 7B8AD1EB1FDFA9C2006053D9 /* HXPageView.swift */; };
		7B8AD1EE1FDFAA6C006053D9 /* HXTitleStyle.swift in Sources */ = {isa = PBXBuildFile; fileRef = 7B8AD1ED1FDFAA6C006053D9 /* HXTitleStyle.swift */; };
		7B8AD1F01FDFB408006053D9 /* HXTitleView.swift in Sources */ = {isa = PBXBuildFile; fileRef = 7B8AD1EF1FDFB408006053D9 /* HXTitleView.swift */; };
		7B8AD1F21FDFCDF5006053D9 /* HXContentView.swift in Sources */ = {isa = PBXBuildFile; fileRef = 7B8AD1F11FDFCDF5006053D9 /* HXContentView.swift */; };
		7B8C3D1220061239005E806D /* HXSocket.swift in Sources */ = {isa = PBXBuildFile; fileRef = 7B8C3D1120061239005E806D /* HXSocket.swift */; };
		7BA0F7F4200DF1A70091C432 /* ysocket.swift in Sources */ = {isa = PBXBuildFile; fileRef = 7BA0F7EF200DF1A70091C432 /* ysocket.swift */; };
		7BA0F7F5200DF1A70091C432 /* ytcpsocket.c in Sources */ = {isa = PBXBuildFile; fileRef = 7BA0F7F0200DF1A70091C432 /* ytcpsocket.c */; };
		7BA0F7F6200DF1A70091C432 /* ytcpsocket.swift in Sources */ = {isa = PBXBuildFile; fileRef = 7BA0F7F1200DF1A70091C432 /* ytcpsocket.swift */; };
		7BA0F7F7200DF1A70091C432 /* yudpsocket.c in Sources */ = {isa = PBXBuildFile; fileRef = 7BA0F7F2200DF1A70091C432 /* yudpsocket.c */; };
		7BA0F7F8200DF1A70091C432 /* yudpsocket.swift in Sources */ = {isa = PBXBuildFile; fileRef = 7BA0F7F3200DF1A70091C432 /* yudpsocket.swift */; };
		7BA19F5820108E8C007837F1 /* IMMessage.proto in Sources */ = {isa = PBXBuildFile; fileRef = 7BA19F5720108E8C007837F1 /* IMMessage.proto */; };
		7BA19F60201094DE007837F1 /* Immessage.proto.swift in Sources */ = {isa = PBXBuildFile; fileRef = 7BA19F5F201094DE007837F1 /* Immessage.proto.swift */; };
		7BA19F6420109D8A007837F1 /* ChatContentView.xib in Resources */ = {isa = PBXBuildFile; fileRef = 7BA19F6320109D8A007837F1 /* ChatContentView.xib */; };
		7BA19F682010A12C007837F1 /* ChatContentView.swift in Sources */ = {isa = PBXBuildFile; fileRef = 7BA19F672010A12C007837F1 /* ChatContentView.swift */; };
		7BA19F6B2010A1AD007837F1 /* ChatContentCell.swift in Sources */ = {isa = PBXBuildFile; fileRef = 7BA19F692010A1AD007837F1 /* ChatContentCell.swift */; };
		7BA19F6C2010A1AD007837F1 /* ChatContentCell.xib in Resources */ = {isa = PBXBuildFile; fileRef = 7BA19F6A2010A1AD007837F1 /* ChatContentCell.xib */; };
		7BA19F6E2010A3E5007837F1 /* AttrStringGenerator.swift in Sources */ = {isa = PBXBuildFile; fileRef = 7BA19F6D2010A3E5007837F1 /* AttrStringGenerator.swift */; };
		7BBC34BA1FFF2381004DC265 /* GiftListView.swift in Sources */ = {isa = PBXBuildFile; fileRef = 7BBC34B91FFF2381004DC265 /* GiftListView.swift */; };
		7BBC34BC1FFF2398004DC265 /* GiftListView.xib in Resources */ = {isa = PBXBuildFile; fileRef = 7BBC34BB1FFF2398004DC265 /* GiftListView.xib */; };
		7BBC34BF1FFF249E004DC265 /* GiftViewCell.swift in Sources */ = {isa = PBXBuildFile; fileRef = 7BBC34BD1FFF249E004DC265 /* GiftViewCell.swift */; };
		7BBC34C01FFF249E004DC265 /* GiftViewCell.xib in Resources */ = {isa = PBXBuildFile; fileRef = 7BBC34BE1FFF249E004DC265 /* GiftViewCell.xib */; };
		7BBC34C21FFF25B9004DC265 /* GiftModel.swift in Sources */ = {isa = PBXBuildFile; fileRef = 7BBC34C11FFF25B9004DC265 /* GiftModel.swift */; };
		7BBC34C51FFF2600004DC265 /* BaseModel.swift in Sources */ = {isa = PBXBuildFile; fileRef = 7BBC34C41FFF2600004DC265 /* BaseModel.swift */; };
		7BBC34C81FFF29F1004DC265 /* KingfisherExtension.swift in Sources */ = {isa = PBXBuildFile; fileRef = 7BBC34C71FFF29F1004DC265 /* KingfisherExtension.swift */; };
		7BBC34CC1FFF2BC0004DC265 /* GiftViewModel.swift in Sources */ = {isa = PBXBuildFile; fileRef = 7BBC34CB1FFF2BC0004DC265 /* GiftViewModel.swift */; };
		7BBC34CE1FFF2C09004DC265 /* GiftPackage.swift in Sources */ = {isa = PBXBuildFile; fileRef = 7BBC34CD1FFF2C09004DC265 /* GiftPackage.swift */; };
		7BBC34D21FFF4E0A004DC265 /* NetworkTools.swift in Sources */ = {isa = PBXBuildFile; fileRef = 7BBC34D11FFF4E0A004DC265 /* NetworkTools.swift */; };
/* End PBXBuildFile section */

/* Begin PBXContainerItemProxy section */
		7B1C72CF200F4CFB00D1D6B7 /* PBXContainerItemProxy */ = {
			isa = PBXContainerItemProxy;
			containerPortal = 7B1C72C8200F4CFB00D1D6B7 /* ProtocolBuffers.xcodeproj */;
			proxyType = 2;
			remoteGlobalIDString = "ProtocolBuffers::ProtocolBufferTests::Product";
			remoteInfo = ProtocolBufferTests;
		};
		7B1C72D1200F4CFB00D1D6B7 /* PBXContainerItemProxy */ = {
			isa = PBXContainerItemProxy;
			containerPortal = 7B1C72C8200F4CFB00D1D6B7 /* ProtocolBuffers.xcodeproj */;
			proxyType = 2;
			remoteGlobalIDString = "ProtocolBuffers::ProtocolBuffers::Product";
			remoteInfo = ProtocolBuffers;
		};
		7B39652F1FD8CD8A0057165B /* PBXContainerItemProxy */ = {
			isa = PBXContainerItemProxy;
			containerPortal = 7B3965121FD8CD8A0057165B /* Project object */;
			proxyType = 1;
			remoteGlobalIDString = 7B3965191FD8CD8A0057165B;
			remoteInfo = TestSw;
		};
		7B39653A1FD8CD8A0057165B /* PBXContainerItemProxy */ = {
			isa = PBXContainerItemProxy;
			containerPortal = 7B3965121FD8CD8A0057165B /* Project object */;
			proxyType = 1;
			remoteGlobalIDString = 7B3965191FD8CD8A0057165B;
			remoteInfo = TestSw;
		};
/* End PBXContainerItemProxy section */

/* Begin PBXFileReference section */
		137FE8AB461521DB029C8851 /* Pods_TestSw.framework */ = {isa = PBXFileReference; explicitFileType = wrapper.framework; includeInIndex = 0; path = Pods_TestSw.framework; sourceTree = BUILT_PRODUCTS_DIR; };
		6AA57C77026FFB713E76C00E /* Pods-TestSw.release.xcconfig */ = {isa = PBXFileReference; includeInIndex = 1; lastKnownFileType = text.xcconfig; name = "Pods-TestSw.release.xcconfig"; path = "Pods/Target Support Files/Pods-TestSw/Pods-TestSw.release.xcconfig"; sourceTree = "<group>"; };
		7B1A83621FFDCC7C00AFAB20 /* DiscoverviewController.swift */ = {isa = PBXFileReference; lastKnownFileType = sourcecode.swift; path = DiscoverviewController.swift; sourceTree = "<group>"; };
		7B1A83641FFDD7C500AFAB20 /* ChatToolsView.swift */ = {isa = PBXFileReference; lastKnownFileType = sourcecode.swift; path = ChatToolsView.swift; sourceTree = "<group>"; };
		7B1A83661FFDD82100AFAB20 /* ChatToolsView.xib */ = {isa = PBXFileReference; lastKnownFileType = file.xib; path = ChatToolsView.xib; sourceTree = "<group>"; };
		7B1A836A1FFDFB5000AFAB20 /* Const.swift */ = {isa = PBXFileReference; lastKnownFileType = sourcecode.swift; path = Const.swift; sourceTree = "<group>"; };
		7B1A83701FFE185300AFAB20 /* EmoticonViewCell.swift */ = {isa = PBXFileReference; lastKnownFileType = sourcecode.swift; path = EmoticonViewCell.swift; sourceTree = "<group>"; };
		7B1A83711FFE185300AFAB20 /* EmoticonViewCell.xib */ = {isa = PBXFileReference; lastKnownFileType = file.xib; path = EmoticonViewCell.xib; sourceTree = "<group>"; };
		7B1A83751FFE196E00AFAB20 /* Emoticon.swift */ = {isa = PBXFileReference; lastKnownFileType = sourcecode.swift; path = Emoticon.swift; sourceTree = "<group>"; };
		7B1A83771FFE1C3900AFAB20 /* EmoticonViewModel.swift */ = {isa = PBXFileReference; lastKnownFileType = sourcecode.swift; path = EmoticonViewModel.swift; sourceTree = "<group>"; };
		7B1A83791FFE1CAD00AFAB20 /* EmoticonPackage.swift */ = {isa = PBXFileReference; lastKnownFileType = sourcecode.swift; path = EmoticonPackage.swift; sourceTree = "<group>"; };
		7B1A837C1FFE1EAD00AFAB20 /* QHNormalEmotionSort.plist */ = {isa = PBXFileReference; lastKnownFileType = file.bplist; path = QHNormalEmotionSort.plist; sourceTree = "<group>"; };
		7B1A837D1FFE1EAD00AFAB20 /* QHSohuGifSort.plist */ = {isa = PBXFileReference; lastKnownFileType = file.bplist; path = QHSohuGifSort.plist; sourceTree = "<group>"; };
		7B1A837E1FFE1EAD00AFAB20 /* types.plist */ = {isa = PBXFileReference; fileEncoding = 4; lastKnownFileType = text.plist.xml; path = types.plist; sourceTree = "<group>"; };
		7B1A83821FFE258F00AFAB20 /* EmotionView.swift */ = {isa = PBXFileReference; lastKnownFileType = sourcecode.swift; path = EmotionView.swift; sourceTree = "<group>"; };
		7B1C72C7200F4C4300D1D6B7 /* ProtocolBuffers.framework */ = {isa = PBXFileReference; explicitFileType = wrapper.framework; path = ProtocolBuffers.framework; sourceTree = BUILT_PRODUCTS_DIR; };
		7B1C72C8200F4CFB00D1D6B7 /* ProtocolBuffers.xcodeproj */ = {isa = PBXFileReference; lastKnownFileType = "wrapper.pb-project"; name = ProtocolBuffers.xcodeproj; path = "protobuf-swift/ProtocolBuffers.xcodeproj"; sourceTree = SOURCE_ROOT; };
		7B1C72D4200F4E0900D1D6B7 /* ProtocolBuffers.framework */ = {isa = PBXFileReference; explicitFileType = wrapper.framework; path = ProtocolBuffers.framework; sourceTree = BUILT_PRODUCTS_DIR; };
		7B335E8A1FEBCC58003BF68E /* Emitterables.swift */ = {isa = PBXFileReference; lastKnownFileType = sourcecode.swift; path = Emitterables.swift; sourceTree = "<group>"; };
		7B335E8F1FEBD091003BF68E /* ProfileViewController.swift */ = {isa = PBXFileReference; lastKnownFileType = sourcecode.swift; path = ProfileViewController.swift; sourceTree = "<group>"; };
		7B335E911FEBD53B003BF68E /* NibLoadable.swift */ = {isa = PBXFileReference; lastKnownFileType = sourcecode.swift; path = NibLoadable.swift; sourceTree = "<group>"; };
		7B335E931FEBD6D9003BF68E /* TextView.swift */ = {isa = PBXFileReference; lastKnownFileType = sourcecode.swift; path = TextView.swift; sourceTree = "<group>"; };
		7B335E951FEBD6E1003BF68E /* TextView.xib */ = {isa = PBXFileReference; lastKnownFileType = file.xib; path = TextView.xib; sourceTree = "<group>"; };
		7B39651A1FD8CD8A0057165B /* TestSw.app */ = {isa = PBXFileReference; explicitFileType = wrapper.application; includeInIndex = 0; path = TestSw.app; sourceTree = BUILT_PRODUCTS_DIR; };
		7B39651D1FD8CD8A0057165B /* AppDelegate.swift */ = {isa = PBXFileReference; lastKnownFileType = sourcecode.swift; path = AppDelegate.swift; sourceTree = "<group>"; };
		7B39651F1FD8CD8A0057165B /* ViewController.swift */ = {isa = PBXFileReference; lastKnownFileType = sourcecode.swift; path = ViewController.swift; sourceTree = "<group>"; };
		7B3965221FD8CD8A0057165B /* Base */ = {isa = PBXFileReference; lastKnownFileType = file.storyboard; name = Base; path = Base.lproj/Main.storyboard; sourceTree = "<group>"; };
		7B3965241FD8CD8A0057165B /* Assets.xcassets */ = {isa = PBXFileReference; lastKnownFileType = folder.assetcatalog; path = Assets.xcassets; sourceTree = "<group>"; };
		7B3965271FD8CD8A0057165B /* Base */ = {isa = PBXFileReference; lastKnownFileType = file.storyboard; name = Base; path = Base.lproj/LaunchScreen.storyboard; sourceTree = "<group>"; };
		7B3965291FD8CD8A0057165B /* Info.plist */ = {isa = PBXFileReference; lastKnownFileType = text.plist.xml; path = Info.plist; sourceTree = "<group>"; };
		7B39652E1FD8CD8A0057165B /* TestSwTests.xctest */ = {isa = PBXFileReference; explicitFileType = wrapper.cfbundle; includeInIndex = 0; path = TestSwTests.xctest; sourceTree = BUILT_PRODUCTS_DIR; };
		7B3965321FD8CD8A0057165B /* TestSwTests.swift */ = {isa = PBXFileReference; lastKnownFileType = sourcecode.swift; path = TestSwTests.swift; sourceTree = "<group>"; };
		7B3965341FD8CD8A0057165B /* Info.plist */ = {isa = PBXFileReference; lastKnownFileType = text.plist.xml; path = Info.plist; sourceTree = "<group>"; };
		7B3965391FD8CD8A0057165B /* TestSwUITests.xctest */ = {isa = PBXFileReference; explicitFileType = wrapper.cfbundle; includeInIndex = 0; path = TestSwUITests.xctest; sourceTree = BUILT_PRODUCTS_DIR; };
		7B39653D1FD8CD8A0057165B /* TestSwUITests.swift */ = {isa = PBXFileReference; lastKnownFileType = sourcecode.swift; path = TestSwUITests.swift; sourceTree = "<group>"; };
		7B39653F1FD8CD8A0057165B /* Info.plist */ = {isa = PBXFileReference; lastKnownFileType = text.plist.xml; path = Info.plist; sourceTree = "<group>"; };
		7B3965521FD8CDBA0057165B /* MainViewController.swift */ = {isa = PBXFileReference; fileEncoding = 4; lastKnownFileType = sourcecode.swift; path = MainViewController.swift; sourceTree = "<group>"; };
		7B3965581FD8CDBA0057165B /* RankViewController.swift */ = {isa = PBXFileReference; fileEncoding = 4; lastKnownFileType = sourcecode.swift; path = RankViewController.swift; sourceTree = "<group>"; };
		7B39655E1FD8CE360057165B /* Home.storyboard */ = {isa = PBXFileReference; fileEncoding = 4; lastKnownFileType = file.storyboard; path = Home.storyboard; sourceTree = "<group>"; };
		7B3965601FD8CE410057165B /* Discover.storyboard */ = {isa = PBXFileReference; fileEncoding = 4; lastKnownFileType = file.storyboard; path = Discover.storyboard; sourceTree = "<group>"; };
		7B3965621FD8CE670057165B /* Profile.storyboard */ = {isa = PBXFileReference; fileEncoding = 4; lastKnownFileType = file.storyboard; path = Profile.storyboard; sourceTree = "<group>"; };
		7B3965641FD8D0010057165B /* Rank.storyboard */ = {isa = PBXFileReference; fileEncoding = 4; lastKnownFileType = file.storyboard; path = Rank.storyboard; sourceTree = "<group>"; };
		7B3965661FD8D16C0057165B /* HomeViewController.swift */ = {isa = PBXFileReference; lastKnownFileType = sourcecode.swift; path = HomeViewController.swift; sourceTree = "<group>"; };
		7B3965681FD8E7B40057165B /* UIColor-Extension.swift */ = {isa = PBXFileReference; lastKnownFileType = sourcecode.swift; path = "UIColor-Extension.swift"; sourceTree = "<group>"; };
		7B39656A1FD8F1280057165B /* HXNavigationController.swift */ = {isa = PBXFileReference; lastKnownFileType = sourcecode.swift; path = HXNavigationController.swift; sourceTree = "<group>"; };
		7B4499E21FEA512100A604B6 /* TestSw-Bridging-Header.h */ = {isa = PBXFileReference; fileEncoding = 4; lastKnownFileType = sourcecode.c.h; path = "TestSw-Bridging-Header.h"; sourceTree = "<group>"; };
		7B4499E91FEA545C00A604B6 /* HXWaterfallLayout.swift */ = {isa = PBXFileReference; lastKnownFileType = sourcecode.swift; path = HXWaterfallLayout.swift; sourceTree = "<group>"; };
		7B4499EB1FEA56C900A604B6 /* HXWaterFallVC.swift */ = {isa = PBXFileReference; fileEncoding = 4; lastKnownFileType = sourcecode.swift; path = HXWaterFallVC.swift; sourceTree = "<group>"; };
		7B6F45371FF21EA400A19C48 /* HXPageCollectionView.swift */ = {isa = PBXFileReference; lastKnownFileType = sourcecode.swift; path = HXPageCollectionView.swift; sourceTree = "<group>"; };
		7B8AD1EB1FDFA9C2006053D9 /* HXPageView.swift */ = {isa = PBXFileReference; lastKnownFileType = sourcecode.swift; path = HXPageView.swift; sourceTree = "<group>"; };
		7B8AD1ED1FDFAA6C006053D9 /* HXTitleStyle.swift */ = {isa = PBXFileReference; lastKnownFileType = sourcecode.swift; path = HXTitleStyle.swift; sourceTree = "<group>"; };
		7B8AD1EF1FDFB408006053D9 /* HXTitleView.swift */ = {isa = PBXFileReference; lastKnownFileType = sourcecode.swift; path = HXTitleView.swift; sourceTree = "<group>"; };
		7B8AD1F11FDFCDF5006053D9 /* HXContentView.swift */ = {isa = PBXFileReference; lastKnownFileType = sourcecode.swift; path = HXContentView.swift; sourceTree = "<group>"; };
		7B8C3D1120061239005E806D /* HXSocket.swift */ = {isa = PBXFileReference; lastKnownFileType = sourcecode.swift; path = HXSocket.swift; sourceTree = "<group>"; };
		7BA0F7EF200DF1A70091C432 /* ysocket.swift */ = {isa = PBXFileReference; fileEncoding = 4; lastKnownFileType = sourcecode.swift; path = ysocket.swift; sourceTree = "<group>"; };
		7BA0F7F0200DF1A70091C432 /* ytcpsocket.c */ = {isa = PBXFileReference; fileEncoding = 4; lastKnownFileType = sourcecode.c.c; path = ytcpsocket.c; sourceTree = "<group>"; };
		7BA0F7F1200DF1A70091C432 /* ytcpsocket.swift */ = {isa = PBXFileReference; fileEncoding = 4; lastKnownFileType = sourcecode.swift; path = ytcpsocket.swift; sourceTree = "<group>"; };
		7BA0F7F2200DF1A70091C432 /* yudpsocket.c */ = {isa = PBXFileReference; fileEncoding = 4; lastKnownFileType = sourcecode.c.c; path = yudpsocket.c; sourceTree = "<group>"; };
		7BA0F7F3200DF1A70091C432 /* yudpsocket.swift */ = {isa = PBXFileReference; fileEncoding = 4; lastKnownFileType = sourcecode.swift; path = yudpsocket.swift; sourceTree = "<group>"; };
		7BA19F5720108E8C007837F1 /* IMMessage.proto */ = {isa = PBXFileReference; lastKnownFileType = text; path = IMMessage.proto; sourceTree = "<group>"; };
		7BA19F5F201094DE007837F1 /* Immessage.proto.swift */ = {isa = PBXFileReference; fileEncoding = 4; lastKnownFileType = sourcecode.swift; path = Immessage.proto.swift; sourceTree = "<group>"; };
		7BA19F6320109D8A007837F1 /* ChatContentView.xib */ = {isa = PBXFileReference; lastKnownFileType = file.xib; path = ChatContentView.xib; sourceTree = "<group>"; };
		7BA19F672010A12C007837F1 /* ChatContentView.swift */ = {isa = PBXFileReference; lastKnownFileType = sourcecode.swift; path = ChatContentView.swift; sourceTree = "<group>"; };
		7BA19F692010A1AD007837F1 /* ChatContentCell.swift */ = {isa = PBXFileReference; lastKnownFileType = sourcecode.swift; path = ChatContentCell.swift; sourceTree = "<group>"; };
		7BA19F6A2010A1AD007837F1 /* ChatContentCell.xib */ = {isa = PBXFileReference; lastKnownFileType = file.xib; path = ChatContentCell.xib; sourceTree = "<group>"; };
		7BA19F6D2010A3E5007837F1 /* AttrStringGenerator.swift */ = {isa = PBXFileReference; lastKnownFileType = sourcecode.swift; path = AttrStringGenerator.swift; sourceTree = "<group>"; };
		7BBC34B91FFF2381004DC265 /* GiftListView.swift */ = {isa = PBXFileReference; lastKnownFileType = sourcecode.swift; path = GiftListView.swift; sourceTree = "<group>"; };
		7BBC34BB1FFF2398004DC265 /* GiftListView.xib */ = {isa = PBXFileReference; lastKnownFileType = file.xib; path = GiftListView.xib; sourceTree = "<group>"; };
		7BBC34BD1FFF249E004DC265 /* GiftViewCell.swift */ = {isa = PBXFileReference; lastKnownFileType = sourcecode.swift; path = GiftViewCell.swift; sourceTree = "<group>"; };
		7BBC34BE1FFF249E004DC265 /* GiftViewCell.xib */ = {isa = PBXFileReference; lastKnownFileType = file.xib; path = GiftViewCell.xib; sourceTree = "<group>"; };
		7BBC34C11FFF25B9004DC265 /* GiftModel.swift */ = {isa = PBXFileReference; lastKnownFileType = sourcecode.swift; path = GiftModel.swift; sourceTree = "<group>"; };
		7BBC34C41FFF2600004DC265 /* BaseModel.swift */ = {isa = PBXFileReference; lastKnownFileType = sourcecode.swift; path = BaseModel.swift; sourceTree = "<group>"; };
		7BBC34C71FFF29F1004DC265 /* KingfisherExtension.swift */ = {isa = PBXFileReference; lastKnownFileType = sourcecode.swift; path = KingfisherExtension.swift; sourceTree = "<group>"; };
		7BBC34CB1FFF2BC0004DC265 /* GiftViewModel.swift */ = {isa = PBXFileReference; lastKnownFileType = sourcecode.swift; path = GiftViewModel.swift; sourceTree = "<group>"; };
		7BBC34CD1FFF2C09004DC265 /* GiftPackage.swift */ = {isa = PBXFileReference; lastKnownFileType = sourcecode.swift; path = GiftPackage.swift; sourceTree = "<group>"; };
		7BBC34D11FFF4E0A004DC265 /* NetworkTools.swift */ = {isa = PBXFileReference; lastKnownFileType = sourcecode.swift; path = NetworkTools.swift; sourceTree = "<group>"; };
		CA3553F5F17EAAD380E104EB /* Pods-TestSw.debug.xcconfig */ = {isa = PBXFileReference; includeInIndex = 1; lastKnownFileType = text.xcconfig; name = "Pods-TestSw.debug.xcconfig"; path = "Pods/Target Support Files/Pods-TestSw/Pods-TestSw.debug.xcconfig"; sourceTree = "<group>"; };
/* End PBXFileReference section */

/* Begin PBXFrameworksBuildPhase section */
		7B3965171FD8CD8A0057165B /* Frameworks */ = {
			isa = PBXFrameworksBuildPhase;
			buildActionMask = 2147483647;
			files = (
				7B1C72D3200F4E0900D1D6B7 /* ProtocolBuffers.framework in Frameworks */,
				584345B4E4907D6E9717927F /* Pods_TestSw.framework in Frameworks */,
			);
			runOnlyForDeploymentPostprocessing = 0;
		};
		7B39652B1FD8CD8A0057165B /* Frameworks */ = {
			isa = PBXFrameworksBuildPhase;
			buildActionMask = 2147483647;
			files = (
			);
			runOnlyForDeploymentPostprocessing = 0;
		};
		7B3965361FD8CD8A0057165B /* Frameworks */ = {
			isa = PBXFrameworksBuildPhase;
			buildActionMask = 2147483647;
			files = (
			);
			runOnlyForDeploymentPostprocessing = 0;
		};
/* End PBXFrameworksBuildPhase section */

/* Begin PBXGroup section */
		33748DD7C5A304869D8019EE /* Frameworks */ = {
			isa = PBXGroup;
			children = (
				7B1C72D4200F4E0900D1D6B7 /* ProtocolBuffers.framework */,
				7B1C72C7200F4C4300D1D6B7 /* ProtocolBuffers.framework */,
				137FE8AB461521DB029C8851 /* Pods_TestSw.framework */,
			);
			name = Frameworks;
			sourceTree = "<group>";
		};
		7B1A83691FFDFB3500AFAB20 /* Common */ = {
			isa = PBXGroup;
			children = (
				7B1A836A1FFDFB5000AFAB20 /* Const.swift */,
			);
			path = Common;
			sourceTree = "<group>";
		};
		7B1A83741FFE194C00AFAB20 /* Model */ = {
			isa = PBXGroup;
			children = (
				7B1A83751FFE196E00AFAB20 /* Emoticon.swift */,
				7B1A83771FFE1C3900AFAB20 /* EmoticonViewModel.swift */,
				7B1A83791FFE1CAD00AFAB20 /* EmoticonPackage.swift */,
				7BBC34C11FFF25B9004DC265 /* GiftModel.swift */,
				7BBC34CB1FFF2BC0004DC265 /* GiftViewModel.swift */,
				7BBC34CD1FFF2C09004DC265 /* GiftPackage.swift */,
			);
			path = Model;
			sourceTree = "<group>";
		};
		7B1A837B1FFE1EAD00AFAB20 /* Resource */ = {
			isa = PBXGroup;
			children = (
				7B1A837C1FFE1EAD00AFAB20 /* QHNormalEmotionSort.plist */,
				7B1A837D1FFE1EAD00AFAB20 /* QHSohuGifSort.plist */,
				7B1A837E1FFE1EAD00AFAB20 /* types.plist */,
			);
			path = Resource;
			sourceTree = "<group>";
		};
		7B1C72C9200F4CFB00D1D6B7 /* Products */ = {
			isa = PBXGroup;
			children = (
				7B1C72D0200F4CFB00D1D6B7 /* ProtocolBufferTests.xctest */,
				7B1C72D2200F4CFB00D1D6B7 /* ProtocolBuffers.framework */,
			);
			name = Products;
			sourceTree = "<group>";
		};
		7B335E851FEBB8DE003BF68E /* Toola */ = {
			isa = PBXGroup;
			children = (
				7B335E8A1FEBCC58003BF68E /* Emitterables.swift */,
				7B335E911FEBD53B003BF68E /* NibLoadable.swift */,
			);
			path = Toola;
			sourceTree = "<group>";
		};
		7B3965111FD8CD8A0057165B = {
			isa = PBXGroup;
			children = (
				7B39651C1FD8CD8A0057165B /* TestSw */,
				7B3965311FD8CD8A0057165B /* TestSwTests */,
				7B39653C1FD8CD8A0057165B /* TestSwUITests */,
				7B39651B1FD8CD8A0057165B /* Products */,
				8A65A70A85219C3CB55EBFBE /* Pods */,
				33748DD7C5A304869D8019EE /* Frameworks */,
			);
			sourceTree = "<group>";
		};
		7B39651B1FD8CD8A0057165B /* Products */ = {
			isa = PBXGroup;
			children = (
				7B39651A1FD8CD8A0057165B /* TestSw.app */,
				7B39652E1FD8CD8A0057165B /* TestSwTests.xctest */,
				7B3965391FD8CD8A0057165B /* TestSwUITests.xctest */,
			);
			name = Products;
			sourceTree = "<group>";
		};
		7B39651C1FD8CD8A0057165B /* TestSw */ = {
			isa = PBXGroup;
			children = (
				7B39651D1FD8CD8A0057165B /* AppDelegate.swift */,
				7B3965211FD8CD8A0057165B /* Main.storyboard */,
				7B39654B1FD8CDBA0057165B /* Classes */,
				7B39651F1FD8CD8A0057165B /* ViewController.swift */,
				7B3965241FD8CD8A0057165B /* Assets.xcassets */,
				7B1C72C8200F4CFB00D1D6B7 /* ProtocolBuffers.xcodeproj */,
				7B3965261FD8CD8A0057165B /* LaunchScreen.storyboard */,
				7B3965291FD8CD8A0057165B /* Info.plist */,
				7B4499E21FEA512100A604B6 /* TestSw-Bridging-Header.h */,
			);
			path = TestSw;
			sourceTree = "<group>";
		};
		7B3965311FD8CD8A0057165B /* TestSwTests */ = {
			isa = PBXGroup;
			children = (
				7B3965321FD8CD8A0057165B /* TestSwTests.swift */,
				7B3965341FD8CD8A0057165B /* Info.plist */,
			);
			path = TestSwTests;
			sourceTree = "<group>";
		};
		7B39653C1FD8CD8A0057165B /* TestSwUITests */ = {
			isa = PBXGroup;
			children = (
				7B39653D1FD8CD8A0057165B /* TestSwUITests.swift */,
				7B39653F1FD8CD8A0057165B /* Info.plist */,
			);
			path = TestSwUITests;
			sourceTree = "<group>";
		};
		7B39654B1FD8CDBA0057165B /* Classes */ = {
			isa = PBXGroup;
			children = (
				7B1A837B1FFE1EAD00AFAB20 /* Resource */,
				7B39654C1FD8CDBA0057165B /* Base */,
				7B3965501FD8CDBA0057165B /* Main */,
				7B39654E1FD8CDBA0057165B /* Home */,
				7B3965571FD8CDBA0057165B /* Rank */,
				7B39654D1FD8CDBA0057165B /* Discover */,
				7B3965561FD8CDBA0057165B /* Profile */,
				7BBC34C61FFF29DD004DC265 /* Tool */,
				7B8C3D022006111C005E806D /* TheThrid */,
			);
			path = Classes;
			sourceTree = "<group>";
		};
		7B39654C1FD8CDBA0057165B /* Base */ = {
			isa = PBXGroup;
			children = (
				7BBC34C31FFF25F4004DC265 /* Model */,
			);
			path = Base;
			sourceTree = "<group>";
		};
		7B39654D1FD8CDBA0057165B /* Discover */ = {
			isa = PBXGroup;
			children = (
				7B1A83741FFE194C00AFAB20 /* Model */,
				7B3965601FD8CE410057165B /* Discover.storyboard */,
				7B1A83621FFDCC7C00AFAB20 /* DiscoverviewController.swift */,
				7BA19F672010A12C007837F1 /* ChatContentView.swift */,
				7BA19F6320109D8A007837F1 /* ChatContentView.xib */,
				7BA19F692010A1AD007837F1 /* ChatContentCell.swift */,
				7BA19F6A2010A1AD007837F1 /* ChatContentCell.xib */,
				7BA19F6D2010A3E5007837F1 /* AttrStringGenerator.swift */,
			);
			path = Discover;
			sourceTree = "<group>";
		};
		7B39654E1FD8CDBA0057165B /* Home */ = {
			isa = PBXGroup;
			children = (
				7B39655E1FD8CE360057165B /* Home.storyboard */,
				7B3965661FD8D16C0057165B /* HomeViewController.swift */,
			);
			path = Home;
			sourceTree = "<group>";
		};
		7B3965501FD8CDBA0057165B /* Main */ = {
			isa = PBXGroup;
			children = (
				7B1A83691FFDFB3500AFAB20 /* Common */,
				7B3965511FD8CDBA0057165B /* Controller */,
				7B3965541FD8CDBA0057165B /* Extension */,
				7B335E851FEBB8DE003BF68E /* Toola */,
			);
			path = Main;
			sourceTree = "<group>";
		};
		7B3965511FD8CDBA0057165B /* Controller */ = {
			isa = PBXGroup;
			children = (
				7B3965521FD8CDBA0057165B /* MainViewController.swift */,
				7B39656A1FD8F1280057165B /* HXNavigationController.swift */,
			);
			path = Controller;
			sourceTree = "<group>";
		};
		7B3965541FD8CDBA0057165B /* Extension */ = {
			isa = PBXGroup;
			children = (
				7B3965681FD8E7B40057165B /* UIColor-Extension.swift */,
			);
			path = Extension;
			sourceTree = "<group>";
		};
		7B3965561FD8CDBA0057165B /* Profile */ = {
			isa = PBXGroup;
			children = (
				7B3965621FD8CE670057165B /* Profile.storyboard */,
				7B335E8F1FEBD091003BF68E /* ProfileViewController.swift */,
				7B335E931FEBD6D9003BF68E /* TextView.swift */,
				7B335E951FEBD6E1003BF68E /* TextView.xib */,
			);
			path = Profile;
			sourceTree = "<group>";
		};
		7B3965571FD8CDBA0057165B /* Rank */ = {
			isa = PBXGroup;
			children = (
				7B4499D51FEA3AE300A604B6 /* WaterFall */,
				7B8AD1EA1FDFA9A1006053D9 /* HXPageView */,
				7BBC34B71FFF231A004DC265 /* ChatView */,
				7BBC34B81FFF2355004DC265 /* GiftView */,
				7B3965641FD8D0010057165B /* Rank.storyboard */,
				7B3965581FD8CDBA0057165B /* RankViewController.swift */,
			);
			path = Rank;
			sourceTree = "<group>";
		};
		7B4499D51FEA3AE300A604B6 /* WaterFall */ = {
			isa = PBXGroup;
			children = (
				7B4499E91FEA545C00A604B6 /* HXWaterfallLayout.swift */,
				7B4499EB1FEA56C900A604B6 /* HXWaterFallVC.swift */,
			);
			path = WaterFall;
			sourceTree = "<group>";
		};
		7B8AD1EA1FDFA9A1006053D9 /* HXPageView */ = {
			isa = PBXGroup;
			children = (
				7B8AD1EB1FDFA9C2006053D9 /* HXPageView.swift */,
				7B8AD1ED1FDFAA6C006053D9 /* HXTitleStyle.swift */,
				7B8AD1EF1FDFB408006053D9 /* HXTitleView.swift */,
				7B8AD1F11FDFCDF5006053D9 /* HXContentView.swift */,
				7B6F45371FF21EA400A19C48 /* HXPageCollectionView.swift */,
			);
			path = HXPageView;
			sourceTree = "<group>";
		};
		7B8C3D022006111C005E806D /* TheThrid */ = {
			isa = PBXGroup;
			children = (
				7B8C3D0320061179005E806D /* HYSocket */,
			);
			path = TheThrid;
			sourceTree = "<group>";
		};
		7B8C3D0320061179005E806D /* HYSocket */ = {
			isa = PBXGroup;
			children = (
				7BA0F7E4200DF1490091C432 /* ysocket */,
				7B8C3D1120061239005E806D /* HXSocket.swift */,
				7BA19F5720108E8C007837F1 /* IMMessage.proto */,
				7BA19F5F201094DE007837F1 /* Immessage.proto.swift */,
			);
			path = HYSocket;
			sourceTree = "<group>";
		};
		7BA0F7E4200DF1490091C432 /* ysocket */ = {
			isa = PBXGroup;
			children = (
				7BA0F7EF200DF1A70091C432 /* ysocket.swift */,
				7BA0F7F0200DF1A70091C432 /* ytcpsocket.c */,
				7BA0F7F1200DF1A70091C432 /* ytcpsocket.swift */,
				7BA0F7F2200DF1A70091C432 /* yudpsocket.c */,
				7BA0F7F3200DF1A70091C432 /* yudpsocket.swift */,
			);
			name = ysocket;
			path = ../../../../../ysocket;
			sourceTree = "<group>";
		};
		7BBC34B71FFF231A004DC265 /* ChatView */ = {
			isa = PBXGroup;
			children = (
				7B1A83641FFDD7C500AFAB20 /* ChatToolsView.swift */,
				7B1A83661FFDD82100AFAB20 /* ChatToolsView.xib */,
				7B1A83701FFE185300AFAB20 /* EmoticonViewCell.swift */,
				7B1A83711FFE185300AFAB20 /* EmoticonViewCell.xib */,
				7B1A83821FFE258F00AFAB20 /* EmotionView.swift */,
			);
			path = ChatView;
			sourceTree = "<group>";
		};
		7BBC34B81FFF2355004DC265 /* GiftView */ = {
			isa = PBXGroup;
			children = (
				7BBC34B91FFF2381004DC265 /* GiftListView.swift */,
				7BBC34BB1FFF2398004DC265 /* GiftListView.xib */,
				7BBC34BD1FFF249E004DC265 /* GiftViewCell.swift */,
				7BBC34BE1FFF249E004DC265 /* GiftViewCell.xib */,
			);
			path = GiftView;
			sourceTree = "<group>";
		};
		7BBC34C31FFF25F4004DC265 /* Model */ = {
			isa = PBXGroup;
			children = (
				7BBC34C41FFF2600004DC265 /* BaseModel.swift */,
			);
			path = Model;
			sourceTree = "<group>";
		};
		7BBC34C61FFF29DD004DC265 /* Tool */ = {
			isa = PBXGroup;
			children = (
				7BBC34C71FFF29F1004DC265 /* KingfisherExtension.swift */,
				7BBC34D11FFF4E0A004DC265 /* NetworkTools.swift */,
			);
			path = Tool;
			sourceTree = "<group>";
		};
		8A65A70A85219C3CB55EBFBE /* Pods */ = {
			isa = PBXGroup;
			children = (
				CA3553F5F17EAAD380E104EB /* Pods-TestSw.debug.xcconfig */,
				6AA57C77026FFB713E76C00E /* Pods-TestSw.release.xcconfig */,
			);
			name = Pods;
			sourceTree = "<group>";
		};
/* End PBXGroup section */

/* Begin PBXNativeTarget section */
		7B3965191FD8CD8A0057165B /* TestSw */ = {
			isa = PBXNativeTarget;
			buildConfigurationList = 7B3965421FD8CD8A0057165B /* Build configuration list for PBXNativeTarget "TestSw" */;
			buildPhases = (
				53560BCF2466786D6C5831C2 /* [CP] Check Pods Manifest.lock */,
				7B3965161FD8CD8A0057165B /* Sources */,
				7B3965171FD8CD8A0057165B /* Frameworks */,
				7B3965181FD8CD8A0057165B /* Resources */,
				FDBF249E9284A8FC08A75D2B /* [CP] Embed Pods Frameworks */,
				4AB511922A189725C385A9AB /* [CP] Copy Pods Resources */,
			);
			buildRules = (
			);
			dependencies = (
			);
			name = TestSw;
			productName = TestSw;
			productReference = 7B39651A1FD8CD8A0057165B /* TestSw.app */;
			productType = "com.apple.product-type.application";
		};
		7B39652D1FD8CD8A0057165B /* TestSwTests */ = {
			isa = PBXNativeTarget;
			buildConfigurationList = 7B3965451FD8CD8A0057165B /* Build configuration list for PBXNativeTarget "TestSwTests" */;
			buildPhases = (
				7B39652A1FD8CD8A0057165B /* Sources */,
				7B39652B1FD8CD8A0057165B /* Frameworks */,
				7B39652C1FD8CD8A0057165B /* Resources */,
			);
			buildRules = (
			);
			dependencies = (
				7B3965301FD8CD8A0057165B /* PBXTargetDependency */,
			);
			name = TestSwTests;
			productName = TestSwTests;
			productReference = 7B39652E1FD8CD8A0057165B /* TestSwTests.xctest */;
			productType = "com.apple.product-type.bundle.unit-test";
		};
		7B3965381FD8CD8A0057165B /* TestSwUITests */ = {
			isa = PBXNativeTarget;
			buildConfigurationList = 7B3965481FD8CD8A0057165B /* Build configuration list for PBXNativeTarget "TestSwUITests" */;
			buildPhases = (
				7B3965351FD8CD8A0057165B /* Sources */,
				7B3965361FD8CD8A0057165B /* Frameworks */,
				7B3965371FD8CD8A0057165B /* Resources */,
			);
			buildRules = (
			);
			dependencies = (
				7B39653B1FD8CD8A0057165B /* PBXTargetDependency */,
			);
			name = TestSwUITests;
			productName = TestSwUITests;
			productReference = 7B3965391FD8CD8A0057165B /* TestSwUITests.xctest */;
			productType = "com.apple.product-type.bundle.ui-testing";
		};
/* End PBXNativeTarget section */

/* Begin PBXProject section */
		7B3965121FD8CD8A0057165B /* Project object */ = {
			isa = PBXProject;
			attributes = {
				LastSwiftUpdateCheck = 0910;
				LastUpgradeCheck = 0910;
				ORGANIZATIONNAME = wang;
				TargetAttributes = {
					7B3965191FD8CD8A0057165B = {
						CreatedOnToolsVersion = 9.1;
						LastSwiftMigration = 0920;
						ProvisioningStyle = Automatic;
					};
					7B39652D1FD8CD8A0057165B = {
						CreatedOnToolsVersion = 9.1;
						ProvisioningStyle = Automatic;
						TestTargetID = 7B3965191FD8CD8A0057165B;
					};
					7B3965381FD8CD8A0057165B = {
						CreatedOnToolsVersion = 9.1;
						ProvisioningStyle = Automatic;
						TestTargetID = 7B3965191FD8CD8A0057165B;
					};
				};
			};
			buildConfigurationList = 7B3965151FD8CD8A0057165B /* Build configuration list for PBXProject "TestSw" */;
			compatibilityVersion = "Xcode 8.0";
			developmentRegion = en;
			hasScannedForEncodings = 0;
			knownRegions = (
				en,
				Base,
			);
			mainGroup = 7B3965111FD8CD8A0057165B;
			productRefGroup = 7B39651B1FD8CD8A0057165B /* Products */;
			projectDirPath = "";
			projectReferences = (
				{
					ProductGroup = 7B1C72C9200F4CFB00D1D6B7 /* Products */;
					ProjectRef = 7B1C72C8200F4CFB00D1D6B7 /* ProtocolBuffers.xcodeproj */;
				},
			);
			projectRoot = "";
			targets = (
				7B3965191FD8CD8A0057165B /* TestSw */,
				7B39652D1FD8CD8A0057165B /* TestSwTests */,
				7B3965381FD8CD8A0057165B /* TestSwUITests */,
			);
		};
/* End PBXProject section */

/* Begin PBXReferenceProxy section */
		7B1C72D0200F4CFB00D1D6B7 /* ProtocolBufferTests.xctest */ = {
			isa = PBXReferenceProxy;
			fileType = file;
			path = ProtocolBufferTests.xctest;
			remoteRef = 7B1C72CF200F4CFB00D1D6B7 /* PBXContainerItemProxy */;
			sourceTree = BUILT_PRODUCTS_DIR;
		};
		7B1C72D2200F4CFB00D1D6B7 /* ProtocolBuffers.framework */ = {
			isa = PBXReferenceProxy;
			fileType = wrapper.framework;
			path = ProtocolBuffers.framework;
			remoteRef = 7B1C72D1200F4CFB00D1D6B7 /* PBXContainerItemProxy */;
			sourceTree = BUILT_PRODUCTS_DIR;
		};
/* End PBXReferenceProxy section */

/* Begin PBXResourcesBuildPhase section */
		7B3965181FD8CD8A0057165B /* Resources */ = {
			isa = PBXResourcesBuildPhase;
			buildActionMask = 2147483647;
			files = (
				7B3965631FD8CE670057165B /* Profile.storyboard in Resources */,
				7B3965651FD8D0020057165B /* Rank.storyboard in Resources */,
				7B1A83731FFE185300AFAB20 /* EmoticonViewCell.xib in Resources */,
				7B1A83801FFE1EAE00AFAB20 /* QHSohuGifSort.plist in Resources */,
				7BA19F6C2010A1AD007837F1 /* ChatContentCell.xib in Resources */,
				7B3965281FD8CD8A0057165B /* LaunchScreen.storyboard in Resources */,
				7B3965251FD8CD8A0057165B /* Assets.xcassets in Resources */,
				7B1A83671FFDD82100AFAB20 /* ChatToolsView.xib in Resources */,
				7B3965611FD8CE410057165B /* Discover.storyboard in Resources */,
				7BBC34BC1FFF2398004DC265 /* GiftListView.xib in Resources */,
				7B335E961FEBD6E1003BF68E /* TextView.xib in Resources */,
				7BA19F6420109D8A007837F1 /* ChatContentView.xib in Resources */,
				7B1A83811FFE1EAE00AFAB20 /* types.plist in Resources */,
				7B3965231FD8CD8A0057165B /* Main.storyboard in Resources */,
				7B1A837F1FFE1EAE00AFAB20 /* QHNormalEmotionSort.plist in Resources */,
				7B39655F1FD8CE370057165B /* Home.storyboard in Resources */,
				7BBC34C01FFF249E004DC265 /* GiftViewCell.xib in Resources */,
			);
			runOnlyForDeploymentPostprocessing = 0;
		};
		7B39652C1FD8CD8A0057165B /* Resources */ = {
			isa = PBXResourcesBuildPhase;
			buildActionMask = 2147483647;
			files = (
			);
			runOnlyForDeploymentPostprocessing = 0;
		};
		7B3965371FD8CD8A0057165B /* Resources */ = {
			isa = PBXResourcesBuildPhase;
			buildActionMask = 2147483647;
			files = (
			);
			runOnlyForDeploymentPostprocessing = 0;
		};
/* End PBXResourcesBuildPhase section */

/* Begin PBXShellScriptBuildPhase section */
		4AB511922A189725C385A9AB /* [CP] Copy Pods Resources */ = {
			isa = PBXShellScriptBuildPhase;
			buildActionMask = 2147483647;
			files = (
			);
			inputPaths = (
			);
			name = "[CP] Copy Pods Resources";
			outputPaths = (
			);
			runOnlyForDeploymentPostprocessing = 0;
			shellPath = /bin/sh;
			shellScript = "\"${SRCROOT}/Pods/Target Support Files/Pods-TestSw/Pods-TestSw-resources.sh\"\n";
			showEnvVarsInLog = 0;
		};
		53560BCF2466786D6C5831C2 /* [CP] Check Pods Manifest.lock */ = {
			isa = PBXShellScriptBuildPhase;
			buildActionMask = 2147483647;
			files = (
			);
			inputPaths = (
			);
			name = "[CP] Check Pods Manifest.lock";
			outputPaths = (
			);
			runOnlyForDeploymentPostprocessing = 0;
			shellPath = /bin/sh;
			shellScript = "diff \"${PODS_PODFILE_DIR_PATH}/Podfile.lock\" \"${PODS_ROOT}/Manifest.lock\" > /dev/null\nif [ $? != 0 ] ; then\n    # print error to STDERR\n    echo \"error: The sandbox is not in sync with the Podfile.lock. Run 'pod install' or update your CocoaPods installation.\" >&2\n    exit 1\nfi\n";
			showEnvVarsInLog = 0;
		};
		FDBF249E9284A8FC08A75D2B /* [CP] Embed Pods Frameworks */ = {
			isa = PBXShellScriptBuildPhase;
			buildActionMask = 2147483647;
			files = (
			);
			inputPaths = (
			);
			name = "[CP] Embed Pods Frameworks";
			outputPaths = (
			);
			runOnlyForDeploymentPostprocessing = 0;
			shellPath = /bin/sh;
			shellScript = "\"${SRCROOT}/Pods/Target Support Files/Pods-TestSw/Pods-TestSw-frameworks.sh\"\n";
			showEnvVarsInLog = 0;
		};
/* End PBXShellScriptBuildPhase section */

/* Begin PBXSourcesBuildPhase section */
		7B3965161FD8CD8A0057165B /* Sources */ = {
			isa = PBXSourcesBuildPhase;
			buildActionMask = 2147483647;
			files = (
				7B3965671FD8D16C0057165B /* HomeViewController.swift in Sources */,
				7B39656B1FD8F1280057165B /* HXNavigationController.swift in Sources */,
				7B3965691FD8E7B40057165B /* UIColor-Extension.swift in Sources */,
				7B8AD1EC1FDFA9C2006053D9 /* HXPageView.swift in Sources */,
				7B8C3D1220061239005E806D /* HXSocket.swift in Sources */,
				7BBC34CC1FFF2BC0004DC265 /* GiftViewModel.swift in Sources */,
				7BA0F7F8200DF1A70091C432 /* yudpsocket.swift in Sources */,
				7B1A83781FFE1C3900AFAB20 /* EmoticonViewModel.swift in Sources */,
				7B3965201FD8CD8A0057165B /* ViewController.swift in Sources */,
				7B4499EC1FEA56C900A604B6 /* HXWaterFallVC.swift in Sources */,
				7B1A83721FFE185300AFAB20 /* EmoticonViewCell.swift in Sources */,
				7BA19F60201094DE007837F1 /* Immessage.proto.swift in Sources */,
				7B8AD1F01FDFB408006053D9 /* HXTitleView.swift in Sources */,
				7B6F45381FF21EA400A19C48 /* HXPageCollectionView.swift in Sources */,
				7B39655D1FD8CDBA0057165B /* RankViewController.swift in Sources */,
				7B335E8B1FEBCC58003BF68E /* Emitterables.swift in Sources */,
				7BA19F682010A12C007837F1 /* ChatContentView.swift in Sources */,
				7B1A83831FFE258F00AFAB20 /* EmotionView.swift in Sources */,
				7B1A837A1FFE1CAD00AFAB20 /* EmoticonPackage.swift in Sources */,
				7B335E921FEBD53B003BF68E /* NibLoadable.swift in Sources */,
				7BBC34C81FFF29F1004DC265 /* KingfisherExtension.swift in Sources */,
				7B39651E1FD8CD8A0057165B /* AppDelegate.swift in Sources */,
				7BBC34D21FFF4E0A004DC265 /* NetworkTools.swift in Sources */,
				7B1A83631FFDCC7C00AFAB20 /* DiscoverviewController.swift in Sources */,
				7B335E941FEBD6D9003BF68E /* TextView.swift in Sources */,
				7BA0F7F5200DF1A70091C432 /* ytcpsocket.c in Sources */,
				7B1A83651FFDD7C500AFAB20 /* ChatToolsView.swift in Sources */,
				7BA19F6B2010A1AD007837F1 /* ChatContentCell.swift in Sources */,
				7B8AD1F21FDFCDF5006053D9 /* HXContentView.swift in Sources */,
				7B8AD1EE1FDFAA6C006053D9 /* HXTitleStyle.swift in Sources */,
				7BA0F7F7200DF1A70091C432 /* yudpsocket.c in Sources */,
				7B335E901FEBD091003BF68E /* ProfileViewController.swift in Sources */,
				7BBC34BF1FFF249E004DC265 /* GiftViewCell.swift in Sources */,
				7BA19F6E2010A3E5007837F1 /* AttrStringGenerator.swift in Sources */,
				7BA0F7F6200DF1A70091C432 /* ytcpsocket.swift in Sources */,
				7BBC34BA1FFF2381004DC265 /* GiftListView.swift in Sources */,
				7BBC34C51FFF2600004DC265 /* BaseModel.swift in Sources */,
				7B1A83761FFE196E00AFAB20 /* Emoticon.swift in Sources */,
				7BA0F7F4200DF1A70091C432 /* ysocket.swift in Sources */,
				7BA19F5820108E8C007837F1 /* IMMessage.proto in Sources */,
				7B4499EA1FEA545C00A604B6 /* HXWaterfallLayout.swift in Sources */,
				7B39655A1FD8CDBA0057165B /* MainViewController.swift in Sources */,
				7BBC34CE1FFF2C09004DC265 /* GiftPackage.swift in Sources */,
				7B1A836B1FFDFB5000AFAB20 /* Const.swift in Sources */,
				7BBC34C21FFF25B9004DC265 /* GiftModel.swift in Sources */,
			);
			runOnlyForDeploymentPostprocessing = 0;
		};
		7B39652A1FD8CD8A0057165B /* Sources */ = {
			isa = PBXSourcesBuildPhase;
			buildActionMask = 2147483647;
			files = (
				7B3965331FD8CD8A0057165B /* TestSwTests.swift in Sources */,
			);
			runOnlyForDeploymentPostprocessing = 0;
		};
		7B3965351FD8CD8A0057165B /* Sources */ = {
			isa = PBXSourcesBuildPhase;
			buildActionMask = 2147483647;
			files = (
				7B39653E1FD8CD8A0057165B /* TestSwUITests.swift in Sources */,
			);
			runOnlyForDeploymentPostprocessing = 0;
		};
/* End PBXSourcesBuildPhase section */

/* Begin PBXTargetDependency section */
		7B3965301FD8CD8A0057165B /* PBXTargetDependency */ = {
			isa = PBXTargetDependency;
			target = 7B3965191FD8CD8A0057165B /* TestSw */;
			targetProxy = 7B39652F1FD8CD8A0057165B /* PBXContainerItemProxy */;
		};
		7B39653B1FD8CD8A0057165B /* PBXTargetDependency */ = {
			isa = PBXTargetDependency;
			target = 7B3965191FD8CD8A0057165B /* TestSw */;
			targetProxy = 7B39653A1FD8CD8A0057165B /* PBXContainerItemProxy */;
		};
/* End PBXTargetDependency section */

/* Begin PBXVariantGroup section */
		7B3965211FD8CD8A0057165B /* Main.storyboard */ = {
			isa = PBXVariantGroup;
			children = (
				7B3965221FD8CD8A0057165B /* Base */,
			);
			name = Main.storyboard;
			sourceTree = "<group>";
		};
		7B3965261FD8CD8A0057165B /* LaunchScreen.storyboard */ = {
			isa = PBXVariantGroup;
			children = (
				7B3965271FD8CD8A0057165B /* Base */,
			);
			name = LaunchScreen.storyboard;
			sourceTree = "<group>";
		};
/* End PBXVariantGroup section */

/* Begin XCBuildConfiguration section */
		7B3965401FD8CD8A0057165B /* Debug */ = {
			isa = XCBuildConfiguration;
			buildSettings = {
				ALWAYS_SEARCH_USER_PATHS = NO;
				CLANG_ANALYZER_NONNULL = YES;
				CLANG_ANALYZER_NUMBER_OBJECT_CONVERSION = YES_AGGRESSIVE;
				CLANG_CXX_LANGUAGE_STANDARD = "gnu++14";
				CLANG_CXX_LIBRARY = "libc++";
				CLANG_ENABLE_MODULES = YES;
				CLANG_ENABLE_OBJC_ARC = YES;
				CLANG_WARN_BLOCK_CAPTURE_AUTORELEASING = YES;
				CLANG_WARN_BOOL_CONVERSION = YES;
				CLANG_WARN_COMMA = YES;
				CLANG_WARN_CONSTANT_CONVERSION = YES;
				CLANG_WARN_DIRECT_OBJC_ISA_USAGE = YES_ERROR;
				CLANG_WARN_DOCUMENTATION_COMMENTS = YES;
				CLANG_WARN_EMPTY_BODY = YES;
				CLANG_WARN_ENUM_CONVERSION = YES;
				CLANG_WARN_INFINITE_RECURSION = YES;
				CLANG_WARN_INT_CONVERSION = YES;
				CLANG_WARN_NON_LITERAL_NULL_CONVERSION = YES;
				CLANG_WARN_OBJC_LITERAL_CONVERSION = YES;
				CLANG_WARN_OBJC_ROOT_CLASS = YES_ERROR;
				CLANG_WARN_RANGE_LOOP_ANALYSIS = YES;
				CLANG_WARN_STRICT_PROTOTYPES = YES;
				CLANG_WARN_SUSPICIOUS_MOVE = YES;
				CLANG_WARN_UNGUARDED_AVAILABILITY = YES_AGGRESSIVE;
				CLANG_WARN_UNREACHABLE_CODE = YES;
				CLANG_WARN__DUPLICATE_METHOD_MATCH = YES;
				CODE_SIGN_IDENTITY = "iPhone Developer";
				COPY_PHASE_STRIP = NO;
				DEBUG_INFORMATION_FORMAT = dwarf;
				ENABLE_STRICT_OBJC_MSGSEND = YES;
				ENABLE_TESTABILITY = YES;
				GCC_C_LANGUAGE_STANDARD = gnu11;
				GCC_DYNAMIC_NO_PIC = NO;
				GCC_NO_COMMON_BLOCKS = YES;
				GCC_OPTIMIZATION_LEVEL = 0;
				GCC_PREPROCESSOR_DEFINITIONS = (
					"DEBUG=1",
					"$(inherited)",
				);
				GCC_WARN_64_TO_32_BIT_CONVERSION = YES;
				GCC_WARN_ABOUT_RETURN_TYPE = YES_ERROR;
				GCC_WARN_UNDECLARED_SELECTOR = YES;
				GCC_WARN_UNINITIALIZED_AUTOS = YES_AGGRESSIVE;
				GCC_WARN_UNUSED_FUNCTION = YES;
				GCC_WARN_UNUSED_VARIABLE = YES;
				IPHONEOS_DEPLOYMENT_TARGET = 11.1;
				MTL_ENABLE_DEBUG_INFO = YES;
				ONLY_ACTIVE_ARCH = YES;
				SDKROOT = iphoneos;
				SWIFT_ACTIVE_COMPILATION_CONDITIONS = DEBUG;
				SWIFT_OPTIMIZATION_LEVEL = "-Onone";
			};
			name = Debug;
		};
		7B3965411FD8CD8A0057165B /* Release */ = {
			isa = XCBuildConfiguration;
			buildSettings = {
				ALWAYS_SEARCH_USER_PATHS = NO;
				CLANG_ANALYZER_NONNULL = YES;
				CLANG_ANALYZER_NUMBER_OBJECT_CONVERSION = YES_AGGRESSIVE;
				CLANG_CXX_LANGUAGE_STANDARD = "gnu++14";
				CLANG_CXX_LIBRARY = "libc++";
				CLANG_ENABLE_MODULES = YES;
				CLANG_ENABLE_OBJC_ARC = YES;
				CLANG_WARN_BLOCK_CAPTURE_AUTORELEASING = YES;
				CLANG_WARN_BOOL_CONVERSION = YES;
				CLANG_WARN_COMMA = YES;
				CLANG_WARN_CONSTANT_CONVERSION = YES;
				CLANG_WARN_DIRECT_OBJC_ISA_USAGE = YES_ERROR;
				CLANG_WARN_DOCUMENTATION_COMMENTS = YES;
				CLANG_WARN_EMPTY_BODY = YES;
				CLANG_WARN_ENUM_CONVERSION = YES;
				CLANG_WARN_INFINITE_RECURSION = YES;
				CLANG_WARN_INT_CONVERSION = YES;
				CLANG_WARN_NON_LITERAL_NULL_CONVERSION = YES;
				CLANG_WARN_OBJC_LITERAL_CONVERSION = YES;
				CLANG_WARN_OBJC_ROOT_CLASS = YES_ERROR;
				CLANG_WARN_RANGE_LOOP_ANALYSIS = YES;
				CLANG_WARN_STRICT_PROTOTYPES = YES;
				CLANG_WARN_SUSPICIOUS_MOVE = YES;
				CLANG_WARN_UNGUARDED_AVAILABILITY = YES_AGGRESSIVE;
				CLANG_WARN_UNREACHABLE_CODE = YES;
				CLANG_WARN__DUPLICATE_METHOD_MATCH = YES;
				CODE_SIGN_IDENTITY = "iPhone Developer";
				COPY_PHASE_STRIP = NO;
				DEBUG_INFORMATION_FORMAT = "dwarf-with-dsym";
				ENABLE_NS_ASSERTIONS = NO;
				ENABLE_STRICT_OBJC_MSGSEND = YES;
				GCC_C_LANGUAGE_STANDARD = gnu11;
				GCC_NO_COMMON_BLOCKS = YES;
				GCC_WARN_64_TO_32_BIT_CONVERSION = YES;
				GCC_WARN_ABOUT_RETURN_TYPE = YES_ERROR;
				GCC_WARN_UNDECLARED_SELECTOR = YES;
				GCC_WARN_UNINITIALIZED_AUTOS = YES_AGGRESSIVE;
				GCC_WARN_UNUSED_FUNCTION = YES;
				GCC_WARN_UNUSED_VARIABLE = YES;
				IPHONEOS_DEPLOYMENT_TARGET = 11.1;
				MTL_ENABLE_DEBUG_INFO = NO;
				SDKROOT = iphoneos;
				SWIFT_OPTIMIZATION_LEVEL = "-Owholemodule";
				VALIDATE_PRODUCT = YES;
			};
			name = Release;
		};
		7B3965431FD8CD8A0057165B /* Debug */ = {
			isa = XCBuildConfiguration;
			baseConfigurationReference = CA3553F5F17EAAD380E104EB /* Pods-TestSw.debug.xcconfig */;
			buildSettings = {
				ASSETCATALOG_COMPILER_APPICON_NAME = AppIcon;
				CLANG_ENABLE_MODULES = YES;
				CODE_SIGN_STYLE = Automatic;
				DEVELOPMENT_TEAM = WSW3225UBX;
				INFOPLIST_FILE = TestSw/Info.plist;
				IPHONEOS_DEPLOYMENT_TARGET = 11.2;
				LD_RUNPATH_SEARCH_PATHS = "$(inherited) @executable_path/Frameworks";
				PRODUCT_BUNDLE_IDENTIFIER = com.wang.TestSw;
				PRODUCT_NAME = "$(TARGET_NAME)";
				SWIFT_OBJC_BRIDGING_HEADER = "$(SRCROOT)/$(PROJECT_NAME)/$(PROJECT_NAME)-Bridging-Header.h";
				SWIFT_OPTIMIZATION_LEVEL = "-Onone";
				SWIFT_VERSION = 4.0;
				TARGETED_DEVICE_FAMILY = "1,2";
			};
			name = Debug;
		};
		7B3965441FD8CD8A0057165B /* Release */ = {
			isa = XCBuildConfiguration;
			baseConfigurationReference = 6AA57C77026FFB713E76C00E /* Pods-TestSw.release.xcconfig */;
			buildSettings = {
				ASSETCATALOG_COMPILER_APPICON_NAME = AppIcon;
				CLANG_ENABLE_MODULES = YES;
				CODE_SIGN_STYLE = Automatic;
				DEVELOPMENT_TEAM = WSW3225UBX;
				INFOPLIST_FILE = TestSw/Info.plist;
				IPHONEOS_DEPLOYMENT_TARGET = 11.2;
				LD_RUNPATH_SEARCH_PATHS = "$(inherited) @executable_path/Frameworks";
				PRODUCT_BUNDLE_IDENTIFIER = com.wang.TestSw;
				PRODUCT_NAME = "$(TARGET_NAME)";
				SWIFT_OBJC_BRIDGING_HEADER = "$(SRCROOT)/$(PROJECT_NAME)/$(PROJECT_NAME)-Bridging-Header.h";
				SWIFT_VERSION = 4.0;
				TARGETED_DEVICE_FAMILY = "1,2";
			};
			name = Release;
		};
		7B3965461FD8CD8A0057165B /* Debug */ = {
			isa = XCBuildConfiguration;
			buildSettings = {
				ALWAYS_EMBED_SWIFT_STANDARD_LIBRARIES = YES;
				BUNDLE_LOADER = "$(TEST_HOST)";
				CODE_SIGN_STYLE = Automatic;
				DEVELOPMENT_TEAM = WSW3225UBX;
				INFOPLIST_FILE = TestSwTests/Info.plist;
				LD_RUNPATH_SEARCH_PATHS = "$(inherited) @executable_path/Frameworks @loader_path/Frameworks";
				PRODUCT_BUNDLE_IDENTIFIER = com.wang.TestSwTests;
				PRODUCT_NAME = "$(TARGET_NAME)";
				SWIFT_VERSION = 4.0;
				TARGETED_DEVICE_FAMILY = "1,2";
				TEST_HOST = "$(BUILT_PRODUCTS_DIR)/TestSw.app/TestSw";
			};
			name = Debug;
		};
		7B3965471FD8CD8A0057165B /* Release */ = {
			isa = XCBuildConfiguration;
			buildSettings = {
				ALWAYS_EMBED_SWIFT_STANDARD_LIBRARIES = YES;
				BUNDLE_LOADER = "$(TEST_HOST)";
				CODE_SIGN_STYLE = Automatic;
				DEVELOPMENT_TEAM = WSW3225UBX;
				INFOPLIST_FILE = TestSwTests/Info.plist;
				LD_RUNPATH_SEARCH_PATHS = "$(inherited) @executable_path/Frameworks @loader_path/Frameworks";
				PRODUCT_BUNDLE_IDENTIFIER = com.wang.TestSwTests;
				PRODUCT_NAME = "$(TARGET_NAME)";
				SWIFT_VERSION = 4.0;
				TARGETED_DEVICE_FAMILY = "1,2";
				TEST_HOST = "$(BUILT_PRODUCTS_DIR)/TestSw.app/TestSw";
			};
			name = Release;
		};
		7B3965491FD8CD8A0057165B /* Debug */ = {
			isa = XCBuildConfiguration;
			buildSettings = {
				ALWAYS_EMBED_SWIFT_STANDARD_LIBRARIES = YES;
				CODE_SIGN_STYLE = Automatic;
				DEVELOPMENT_TEAM = WSW3225UBX;
				INFOPLIST_FILE = TestSwUITests/Info.plist;
				LD_RUNPATH_SEARCH_PATHS = "$(inherited) @executable_path/Frameworks @loader_path/Frameworks";
				PRODUCT_BUNDLE_IDENTIFIER = com.wang.TestSwUITests;
				PRODUCT_NAME = "$(TARGET_NAME)";
				SWIFT_VERSION = 4.0;
				TARGETED_DEVICE_FAMILY = "1,2";
				TEST_TARGET_NAME = TestSw;
			};
			name = Debug;
		};
		7B39654A1FD8CD8A0057165B /* Release */ = {
			isa = XCBuildConfiguration;
			buildSettings = {
				ALWAYS_EMBED_SWIFT_STANDARD_LIBRARIES = YES;
				CODE_SIGN_STYLE = Automatic;
				DEVELOPMENT_TEAM = WSW3225UBX;
				INFOPLIST_FILE = TestSwUITests/Info.plist;
				LD_RUNPATH_SEARCH_PATHS = "$(inherited) @executable_path/Frameworks @loader_path/Frameworks";
				PRODUCT_BUNDLE_IDENTIFIER = com.wang.TestSwUITests;
				PRODUCT_NAME = "$(TARGET_NAME)";
				SWIFT_VERSION = 4.0;
				TARGETED_DEVICE_FAMILY = "1,2";
				TEST_TARGET_NAME = TestSw;
			};
			name = Release;
		};
/* End XCBuildConfiguration section */

/* Begin XCConfigurationList section */
		7B3965151FD8CD8A0057165B /* Build configuration list for PBXProject "TestSw" */ = {
			isa = XCConfigurationList;
			buildConfigurations = (
				7B3965401FD8CD8A0057165B /* Debug */,
				7B3965411FD8CD8A0057165B /* Release */,
			);
			defaultConfigurationIsVisible = 0;
			defaultConfigurationName = Release;
		};
		7B3965421FD8CD8A0057165B /* Build configuration list for PBXNativeTarget "TestSw" */ = {
			isa = XCConfigurationList;
			buildConfigurations = (
				7B3965431FD8CD8A0057165B /* Debug */,
				7B3965441FD8CD8A0057165B /* Release */,
			);
			defaultConfigurationIsVisible = 0;
			defaultConfigurationName = Release;
		};
		7B3965451FD8CD8A0057165B /* Build configuration list for PBXNativeTarget "TestSwTests" */ = {
			isa = XCConfigurationList;
			buildConfigurations = (
				7B3965461FD8CD8A0057165B /* Debug */,
				7B3965471FD8CD8A0057165B /* Release */,
			);
			defaultConfigurationIsVisible = 0;
			defaultConfigurationName = Release;
		};
		7B3965481FD8CD8A0057165B /* Build configuration list for PBXNativeTarget "TestSwUITests" */ = {
			isa = XCConfigurationList;
			buildConfigurations = (
				7B3965491FD8CD8A0057165B /* Debug */,
				7B39654A1FD8CD8A0057165B /* Release */,
			);
			defaultConfigurationIsVisible = 0;
			defaultConfigurationName = Release;
		};
/* End XCConfigurationList section */
	};
	rootObject = 7B3965121FD8CD8A0057165B /* Project object */;
}
